
Microsoft Visual Studio Solution File, Format Version 12.00
# Visual Studio Version 16
VisualStudioVersion = 16.0.29409.12
MinimumVisualStudioVersion = 10.0.40219.1
Project("{9A19103F-16F7-4668-BE54-9A1E7A4F7556}") = "PTASMagicLinkService", "MagicLinkService\PTASMagicLinkService.csproj", "{8AE91E02-CF48-4D7A-AF24-4F736880FEDB}"
EndProject
Global
	GlobalSection(SolutionConfigurationPlatforms) = preSolution
		Debug|Any CPU = Debug|Any CPU
		Release|Any CPU = Release|Any CPU
	EndGlobalSection
	GlobalSection(ProjectConfigurationPlatforms) = postSolution
		{8AE91E02-CF48-4D7A-AF24-4F736880FEDB}.Debug|Any CPU.ActiveCfg = Debug|Any CPU
		{8AE91E02-CF48-4D7A-AF24-4F736880FEDB}.Debug|Any CPU.Build.0 = Debug|Any CPU
		{8AE91E02-CF48-4D7A-AF24-4F736880FEDB}.Release|Any CPU.ActiveCfg = Release|Any CPU
		{8AE91E02-CF48-4D7A-AF24-4F736880FEDB}.Release|Any CPU.Build.0 = Release|Any CPU
	EndGlobalSection
	GlobalSection(SolutionProperties) = preSolution
		HideSolutionNode = FALSE
	EndGlobalSection
	GlobalSection(ExtensibilityGlobals) = postSolution
		SolutionGuid = {B56EB7B0-DBAE-43EC-80CD-BF47AC4E85D6}
	EndGlobalSection
EndGlobal
