
Microsoft Visual Studio Solution File, Format Version 12.00
# Visual Studio Version 16
VisualStudioVersion = 16.0.29911.84
MinimumVisualStudioVersion = 10.0.40219.1
Project("{9A19103F-16F7-4668-BE54-9A1E7A4F7556}") = "PTASExportConnector", "PTASExportConnector\PTASExportConnector.csproj", "{D1F607A7-FB88-4B90-956C-F9EB0432E456}"
EndProject
Project("{9A19103F-16F7-4668-BE54-9A1E7A4F7556}") = "PTASExportConnectorUnitTest", "PTASExportConnectorUnitTest\PTASExportConnectorUnitTest.csproj", "{F2CE5635-AE41-45EF-A48F-9AF004B10706}"
EndProject
Global
	GlobalSection(SolutionConfigurationPlatforms) = preSolution
		Debug|Any CPU = Debug|Any CPU
		Release|Any CPU = Release|Any CPU
	EndGlobalSection
	GlobalSection(ProjectConfigurationPlatforms) = postSolution
		{D1F607A7-FB88-4B90-956C-F9EB0432E456}.Debug|Any CPU.ActiveCfg = Debug|Any CPU
		{D1F607A7-FB88-4B90-956C-F9EB0432E456}.Debug|Any CPU.Build.0 = Debug|Any CPU
		{D1F607A7-FB88-4B90-956C-F9EB0432E456}.Release|Any CPU.ActiveCfg = Release|Any CPU
		{D1F607A7-FB88-4B90-956C-F9EB0432E456}.Release|Any CPU.Build.0 = Release|Any CPU
		{F2CE5635-AE41-45EF-A48F-9AF004B10706}.Debug|Any CPU.ActiveCfg = Debug|Any CPU
		{F2CE5635-AE41-45EF-A48F-9AF004B10706}.Debug|Any CPU.Build.0 = Debug|Any CPU
		{F2CE5635-AE41-45EF-A48F-9AF004B10706}.Release|Any CPU.ActiveCfg = Release|Any CPU
		{F2CE5635-AE41-45EF-A48F-9AF004B10706}.Release|Any CPU.Build.0 = Release|Any CPU
	EndGlobalSection
	GlobalSection(SolutionProperties) = preSolution
		HideSolutionNode = FALSE
	EndGlobalSection
	GlobalSection(ExtensibilityGlobals) = postSolution
		SolutionGuid = {A4B2A8B7-7001-4FB5-8EB6-4465577E21F0}
	EndGlobalSection
EndGlobal
