
Microsoft Visual Studio Solution File, Format Version 12.00
# Visual Studio Version 16
VisualStudioVersion = 16.0.29009.5
MinimumVisualStudioVersion = 10.0.40219.1
Project("{9A19103F-16F7-4668-BE54-9A1E7A4F7556}") = "PTASConnectorSDK", "PTASConnectorSDK.csproj", "{05EA9A7F-ABBE-47CC-B766-41F455F0085C}"
EndProject
Global
	GlobalSection(SolutionConfigurationPlatforms) = preSolution
		Debug|Any CPU = Debug|Any CPU
		Release|Any CPU = Release|Any CPU
	EndGlobalSection
	GlobalSection(ProjectConfigurationPlatforms) = postSolution
		{05EA9A7F-ABBE-47CC-B766-41F455F0085C}.Debug|Any CPU.ActiveCfg = Debug|Any CPU
		{05EA9A7F-ABBE-47CC-B766-41F455F0085C}.Debug|Any CPU.Build.0 = Debug|Any CPU
		{05EA9A7F-ABBE-47CC-B766-41F455F0085C}.Release|Any CPU.ActiveCfg = Release|Any CPU
		{05EA9A7F-ABBE-47CC-B766-41F455F0085C}.Release|Any CPU.Build.0 = Release|Any CPU
	EndGlobalSection
	GlobalSection(SolutionProperties) = preSolution
		HideSolutionNode = FALSE
	EndGlobalSection
	GlobalSection(ExtensibilityGlobals) = postSolution
		SolutionGuid = {BC0F9C89-98E7-469A-AFCA-ABDB7C88850E}
	EndGlobalSection
EndGlobal
