
Microsoft Visual Studio Solution File, Format Version 12.00
# Visual Studio Version 16
VisualStudioVersion = 16.0.29519.87
MinimumVisualStudioVersion = 10.0.40219.1
Project("{FAE04EC0-301F-11D3-BF4B-00C04F79EFBC}") = "PTAS_Sketch", "PTAS_Sketch.csproj", "{4AD7DFA1-FD68-4545-94E3-1A9A645A7740}"
EndProject
Global
	GlobalSection(SolutionConfigurationPlatforms) = preSolution
		Debug|Any CPU = Debug|Any CPU
		Release|Any CPU = Release|Any CPU
	EndGlobalSection
	GlobalSection(ProjectConfigurationPlatforms) = postSolution
		{4AD7DFA1-FD68-4545-94E3-1A9A645A7740}.Debug|Any CPU.ActiveCfg = Debug|Any CPU
		{4AD7DFA1-FD68-4545-94E3-1A9A645A7740}.Debug|Any CPU.Build.0 = Debug|Any CPU
		{4AD7DFA1-FD68-4545-94E3-1A9A645A7740}.Release|Any CPU.ActiveCfg = Release|Any CPU
		{4AD7DFA1-FD68-4545-94E3-1A9A645A7740}.Release|Any CPU.Build.0 = Release|Any CPU
	EndGlobalSection
	GlobalSection(SolutionProperties) = preSolution
		HideSolutionNode = FALSE
	EndGlobalSection
	GlobalSection(ExtensibilityGlobals) = postSolution
		SolutionGuid = {A74BA601-B04E-4D66-9DCC-621E1E9A5530}
	EndGlobalSection
EndGlobal
