
Microsoft Visual Studio Solution File, Format Version 12.00
# Visual Studio Version 16
VisualStudioVersion = 16.0.29911.84
MinimumVisualStudioVersion = 10.0.40219.1
Project("{9A19103F-16F7-4668-BE54-9A1E7A4F7556}") = "PTASImportConnector", "PTASImportConnector\PTASImportConnector.csproj", "{28DAB4F4-8A36-4896-984F-65278F0D91EE}"
EndProject
Project("{9A19103F-16F7-4668-BE54-9A1E7A4F7556}") = "PTASImportConnectorUnitTest", "PTASImportConnectorUnitTest\PTASImportConnectorUnitTest.csproj", "{58770811-33CA-456B-944A-1267817405E4}"
EndProject
Global
	GlobalSection(SolutionConfigurationPlatforms) = preSolution
		Debug|Any CPU = Debug|Any CPU
		Release|Any CPU = Release|Any CPU
	EndGlobalSection
	GlobalSection(ProjectConfigurationPlatforms) = postSolution
		{28DAB4F4-8A36-4896-984F-65278F0D91EE}.Debug|Any CPU.ActiveCfg = Debug|Any CPU
		{28DAB4F4-8A36-4896-984F-65278F0D91EE}.Debug|Any CPU.Build.0 = Debug|Any CPU
		{28DAB4F4-8A36-4896-984F-65278F0D91EE}.Release|Any CPU.ActiveCfg = Release|Any CPU
		{28DAB4F4-8A36-4896-984F-65278F0D91EE}.Release|Any CPU.Build.0 = Release|Any CPU
		{58770811-33CA-456B-944A-1267817405E4}.Debug|Any CPU.ActiveCfg = Debug|Any CPU
		{58770811-33CA-456B-944A-1267817405E4}.Debug|Any CPU.Build.0 = Debug|Any CPU
		{58770811-33CA-456B-944A-1267817405E4}.Release|Any CPU.ActiveCfg = Release|Any CPU
		{58770811-33CA-456B-944A-1267817405E4}.Release|Any CPU.Build.0 = Release|Any CPU
	EndGlobalSection
	GlobalSection(SolutionProperties) = preSolution
		HideSolutionNode = FALSE
	EndGlobalSection
	GlobalSection(ExtensibilityGlobals) = postSolution
		SolutionGuid = {FEA30191-33CA-4553-8071-A3768092C247}
	EndGlobalSection
EndGlobal
