
Microsoft Visual Studio Solution File, Format Version 12.00
# Visual Studio Version 16
VisualStudioVersion = 16.0.29009.5
MinimumVisualStudioVersion = 10.0.40219.1
Project("{2150E333-8FDC-42A3-9474-1A3956D46DE8}") = "MediaFolder", "MediaFolder", "{326F03B2-7687-4F21-B5AF-8120E6C43254}"
EndProject
Project("{2150E333-8FDC-42A3-9474-1A3956D46DE8}") = "Libraries", "Libraries", "{B5587082-B048-4F98-A73A-6C725017563A}"
EndProject
Project("{2150E333-8FDC-42A3-9474-1A3956D46DE8}") = "UnitTest", "UnitTest", "{B9CED09C-A72F-4B43-A437-3377A0B80721}"
EndProject
Project("{FAE04EC0-301F-11D3-BF4B-00C04F79EFBC}") = "PTASMediaChecker", "PTASMediaChecker\PTASMediaChecker.csproj", "{397C4891-B14A-4447-89C0-CE9F2B7BC6D2}"
EndProject
Project("{FAE04EC0-301F-11D3-BF4B-00C04F79EFBC}") = "PTASMediaSynchronizer", "PTASMediaSynchronizer\PTASMediaSynchronizer.csproj", "{87821164-7DB4-4E5A-A544-E7C5232FD78E}"
EndProject
Project("{FAE04EC0-301F-11D3-BF4B-00C04F79EFBC}") = "PTASEventManagerLibrary", "PTASEventManagerLibrary\PTASEventManagerLibrary.csproj", "{5136D802-B142-44B5-BE2C-E8334BD0F44B}"
EndProject
Project("{FAE04EC0-301F-11D3-BF4B-00C04F79EFBC}") = "PTASMediaDBLoaderClasses", "PTASMediaDBLoaderClasses\PTASMediaDBLoaderClasses.csproj", "{D319206C-761F-4E71-A12A-43216F6C360E}"
EndProject
Project("{FAE04EC0-301F-11D3-BF4B-00C04F79EFBC}") = "PTASMediaHelperClasses", "PTASMediaHelperClasses\PTASMediaHelperClasses.csproj", "{31B46090-DDAD-4497-9B7C-7DB063930C02}"
EndProject
Project("{2150E333-8FDC-42A3-9474-1A3956D46DE8}") = "Functions", "Functions", "{365C1417-48C1-4615-AB0B-50C2C56F27ED}"
EndProject
Project("{9A19103F-16F7-4668-BE54-9A1E7A4F7556}") = "PTASFunctionMediaInfo", "PTASFunctionMediaInfo\PTASFunctionMediaInfo.csproj", "{28E596F1-0D07-48A5-96DA-F444C57999EB}"
EndProject
Project("{FAE04EC0-301F-11D3-BF4B-00C04F79EFBC}") = "DBLoaderClassesUnitTest", "unittest\DBLoaderClassesUnitTest\DBLoaderClassesUnitTest.csproj", "{4CD5EF80-1AD2-4524-A299-8451F16D9D59}"
EndProject
Project("{FAE04EC0-301F-11D3-BF4B-00C04F79EFBC}") = "UnitTestHelperClasses", "unittest\UnitTestHelperClasses\UnitTestHelperClasses.csproj", "{8EA69BAB-7F6E-4A57-800B-10EB7C9A7BFB}"
EndProject
Project("{FAE04EC0-301F-11D3-BF4B-00C04F79EFBC}") = "TestyTokenConnection", "TestyTokenConnection\TestyTokenConnection.csproj", "{424B5F2B-09F9-4410-924E-063CF2D5CC63}"
EndProject
Project("{9A19103F-16F7-4668-BE54-9A1E7A4F7556}") = "PTASServicesCommon", "PTASServicesCommon\PTASServicesCommon.csproj", "{F6026E01-6EF3-4DA8-93DC-9C36B2888431}"
EndProject
Project("{9A19103F-16F7-4668-BE54-9A1E7A4F7556}") = "PTASCreateFileSizes", "PTASCreateFileSizes\PTASCreateFileSizes.csproj", "{4F9BE797-CD1A-4329-9B86-9F3D2E06EA0E}"
EndProject
Project("{9A19103F-16F7-4668-BE54-9A1E7A4F7556}") = "PTASImageManipulation", "PTASImageManipulation\PTASImageManipulation.csproj", "{600FD107-629F-4E51-947D-F4CB10B6C791}"
EndProject
Global
	GlobalSection(SolutionConfigurationPlatforms) = preSolution
		Debug|Any CPU = Debug|Any CPU
		Release|Any CPU = Release|Any CPU
	EndGlobalSection
	GlobalSection(ProjectConfigurationPlatforms) = postSolution
		{397C4891-B14A-4447-89C0-CE9F2B7BC6D2}.Debug|Any CPU.ActiveCfg = Debug|Any CPU
		{397C4891-B14A-4447-89C0-CE9F2B7BC6D2}.Debug|Any CPU.Build.0 = Debug|Any CPU
		{397C4891-B14A-4447-89C0-CE9F2B7BC6D2}.Release|Any CPU.ActiveCfg = Release|Any CPU
		{397C4891-B14A-4447-89C0-CE9F2B7BC6D2}.Release|Any CPU.Build.0 = Release|Any CPU
		{87821164-7DB4-4E5A-A544-E7C5232FD78E}.Debug|Any CPU.ActiveCfg = Debug|Any CPU
		{87821164-7DB4-4E5A-A544-E7C5232FD78E}.Debug|Any CPU.Build.0 = Debug|Any CPU
		{87821164-7DB4-4E5A-A544-E7C5232FD78E}.Release|Any CPU.ActiveCfg = Release|Any CPU
		{87821164-7DB4-4E5A-A544-E7C5232FD78E}.Release|Any CPU.Build.0 = Release|Any CPU
		{5136D802-B142-44B5-BE2C-E8334BD0F44B}.Debug|Any CPU.ActiveCfg = Debug|Any CPU
		{5136D802-B142-44B5-BE2C-E8334BD0F44B}.Debug|Any CPU.Build.0 = Debug|Any CPU
		{5136D802-B142-44B5-BE2C-E8334BD0F44B}.Release|Any CPU.ActiveCfg = Release|Any CPU
		{5136D802-B142-44B5-BE2C-E8334BD0F44B}.Release|Any CPU.Build.0 = Release|Any CPU
		{D319206C-761F-4E71-A12A-43216F6C360E}.Debug|Any CPU.ActiveCfg = Debug|Any CPU
		{D319206C-761F-4E71-A12A-43216F6C360E}.Debug|Any CPU.Build.0 = Debug|Any CPU
		{D319206C-761F-4E71-A12A-43216F6C360E}.Release|Any CPU.ActiveCfg = Release|Any CPU
		{D319206C-761F-4E71-A12A-43216F6C360E}.Release|Any CPU.Build.0 = Release|Any CPU
		{31B46090-DDAD-4497-9B7C-7DB063930C02}.Debug|Any CPU.ActiveCfg = Debug|Any CPU
		{31B46090-DDAD-4497-9B7C-7DB063930C02}.Debug|Any CPU.Build.0 = Debug|Any CPU
		{31B46090-DDAD-4497-9B7C-7DB063930C02}.Release|Any CPU.ActiveCfg = Release|Any CPU
		{31B46090-DDAD-4497-9B7C-7DB063930C02}.Release|Any CPU.Build.0 = Release|Any CPU
		{28E596F1-0D07-48A5-96DA-F444C57999EB}.Debug|Any CPU.ActiveCfg = Debug|Any CPU
		{28E596F1-0D07-48A5-96DA-F444C57999EB}.Debug|Any CPU.Build.0 = Debug|Any CPU
		{28E596F1-0D07-48A5-96DA-F444C57999EB}.Release|Any CPU.ActiveCfg = Release|Any CPU
		{28E596F1-0D07-48A5-96DA-F444C57999EB}.Release|Any CPU.Build.0 = Release|Any CPU
		{4CD5EF80-1AD2-4524-A299-8451F16D9D59}.Debug|Any CPU.ActiveCfg = Debug|Any CPU
		{4CD5EF80-1AD2-4524-A299-8451F16D9D59}.Debug|Any CPU.Build.0 = Debug|Any CPU
		{4CD5EF80-1AD2-4524-A299-8451F16D9D59}.Release|Any CPU.ActiveCfg = Release|Any CPU
		{4CD5EF80-1AD2-4524-A299-8451F16D9D59}.Release|Any CPU.Build.0 = Release|Any CPU
		{8EA69BAB-7F6E-4A57-800B-10EB7C9A7BFB}.Debug|Any CPU.ActiveCfg = Debug|Any CPU
		{8EA69BAB-7F6E-4A57-800B-10EB7C9A7BFB}.Debug|Any CPU.Build.0 = Debug|Any CPU
		{8EA69BAB-7F6E-4A57-800B-10EB7C9A7BFB}.Release|Any CPU.ActiveCfg = Release|Any CPU
		{8EA69BAB-7F6E-4A57-800B-10EB7C9A7BFB}.Release|Any CPU.Build.0 = Release|Any CPU
		{424B5F2B-09F9-4410-924E-063CF2D5CC63}.Debug|Any CPU.ActiveCfg = Debug|Any CPU
		{424B5F2B-09F9-4410-924E-063CF2D5CC63}.Debug|Any CPU.Build.0 = Debug|Any CPU
		{424B5F2B-09F9-4410-924E-063CF2D5CC63}.Release|Any CPU.ActiveCfg = Release|Any CPU
		{424B5F2B-09F9-4410-924E-063CF2D5CC63}.Release|Any CPU.Build.0 = Release|Any CPU
		{F6026E01-6EF3-4DA8-93DC-9C36B2888431}.Debug|Any CPU.ActiveCfg = Debug|Any CPU
		{F6026E01-6EF3-4DA8-93DC-9C36B2888431}.Debug|Any CPU.Build.0 = Debug|Any CPU
		{F6026E01-6EF3-4DA8-93DC-9C36B2888431}.Release|Any CPU.ActiveCfg = Release|Any CPU
		{F6026E01-6EF3-4DA8-93DC-9C36B2888431}.Release|Any CPU.Build.0 = Release|Any CPU
		{4F9BE797-CD1A-4329-9B86-9F3D2E06EA0E}.Debug|Any CPU.ActiveCfg = Debug|Any CPU
		{4F9BE797-CD1A-4329-9B86-9F3D2E06EA0E}.Debug|Any CPU.Build.0 = Debug|Any CPU
		{4F9BE797-CD1A-4329-9B86-9F3D2E06EA0E}.Release|Any CPU.ActiveCfg = Release|Any CPU
		{4F9BE797-CD1A-4329-9B86-9F3D2E06EA0E}.Release|Any CPU.Build.0 = Release|Any CPU
		{600FD107-629F-4E51-947D-F4CB10B6C791}.Debug|Any CPU.ActiveCfg = Debug|Any CPU
		{600FD107-629F-4E51-947D-F4CB10B6C791}.Debug|Any CPU.Build.0 = Debug|Any CPU
		{600FD107-629F-4E51-947D-F4CB10B6C791}.Release|Any CPU.ActiveCfg = Release|Any CPU
		{600FD107-629F-4E51-947D-F4CB10B6C791}.Release|Any CPU.Build.0 = Release|Any CPU
	EndGlobalSection
	GlobalSection(SolutionProperties) = preSolution
		HideSolutionNode = FALSE
	EndGlobalSection
	GlobalSection(NestedProjects) = preSolution
		{397C4891-B14A-4447-89C0-CE9F2B7BC6D2} = {326F03B2-7687-4F21-B5AF-8120E6C43254}
		{87821164-7DB4-4E5A-A544-E7C5232FD78E} = {326F03B2-7687-4F21-B5AF-8120E6C43254}
		{5136D802-B142-44B5-BE2C-E8334BD0F44B} = {B5587082-B048-4F98-A73A-6C725017563A}
		{D319206C-761F-4E71-A12A-43216F6C360E} = {B5587082-B048-4F98-A73A-6C725017563A}
		{31B46090-DDAD-4497-9B7C-7DB063930C02} = {B5587082-B048-4F98-A73A-6C725017563A}
		{28E596F1-0D07-48A5-96DA-F444C57999EB} = {365C1417-48C1-4615-AB0B-50C2C56F27ED}
		{4CD5EF80-1AD2-4524-A299-8451F16D9D59} = {B9CED09C-A72F-4B43-A437-3377A0B80721}
		{8EA69BAB-7F6E-4A57-800B-10EB7C9A7BFB} = {B9CED09C-A72F-4B43-A437-3377A0B80721}
		{424B5F2B-09F9-4410-924E-063CF2D5CC63} = {326F03B2-7687-4F21-B5AF-8120E6C43254}
		{600FD107-629F-4E51-947D-F4CB10B6C791} = {B5587082-B048-4F98-A73A-6C725017563A}
	EndGlobalSection
	GlobalSection(ExtensibilityGlobals) = postSolution
		SolutionGuid = {2CA4D9E9-8390-4506-A052-97D461D269A6}
	EndGlobalSection
EndGlobal
