
Microsoft Visual Studio Solution File, Format Version 12.00
# Visual Studio Version 16
VisualStudioVersion = 16.0.29409.12
MinimumVisualStudioVersion = 10.0.40219.1
Project("{FAE04EC0-301F-11D3-BF4B-00C04F79EFBC}") = "DeploymentHealthService", "DeploymentHealthService\DeploymentHealthService.csproj", "{196EC7A1-56A1-4C60-9AD9-814CA861E5FB}"
EndProject
Project("{FAE04EC0-301F-11D3-BF4B-00C04F79EFBC}") = "PTASILinxConnectorHelperClasses", "..\..\ILinxConnector\Source\ILinxConnector\PTASILinxConnectorHelperClasses\PTASILinxConnectorHelperClasses.csproj", "{AC1D9806-8912-4B85-9F21-E52F4FDFB836}"
EndProject
Project("{FAE04EC0-301F-11D3-BF4B-00C04F79EFBC}") = "ILinxSoapImport", "..\..\ILinxConnector\Source\ILinxConnector\ILinxSoapImport\ILinxSoapImport.csproj", "{88DDAE09-22D2-41A4-BC3B-BD006CC52C4F}"
EndProject
Global
	GlobalSection(SolutionConfigurationPlatforms) = preSolution
		Debug|Any CPU = Debug|Any CPU
		Release|Any CPU = Release|Any CPU
	EndGlobalSection
	GlobalSection(ProjectConfigurationPlatforms) = postSolution
		{196EC7A1-56A1-4C60-9AD9-814CA861E5FB}.Debug|Any CPU.ActiveCfg = Debug|Any CPU
		{196EC7A1-56A1-4C60-9AD9-814CA861E5FB}.Debug|Any CPU.Build.0 = Debug|Any CPU
		{196EC7A1-56A1-4C60-9AD9-814CA861E5FB}.Release|Any CPU.ActiveCfg = Release|Any CPU
		{196EC7A1-56A1-4C60-9AD9-814CA861E5FB}.Release|Any CPU.Build.0 = Release|Any CPU
		{AC1D9806-8912-4B85-9F21-E52F4FDFB836}.Debug|Any CPU.ActiveCfg = Debug|Any CPU
		{AC1D9806-8912-4B85-9F21-E52F4FDFB836}.Debug|Any CPU.Build.0 = Debug|Any CPU
		{AC1D9806-8912-4B85-9F21-E52F4FDFB836}.Release|Any CPU.ActiveCfg = Release|Any CPU
		{AC1D9806-8912-4B85-9F21-E52F4FDFB836}.Release|Any CPU.Build.0 = Release|Any CPU
		{88DDAE09-22D2-41A4-BC3B-BD006CC52C4F}.Debug|Any CPU.ActiveCfg = Debug|Any CPU
		{88DDAE09-22D2-41A4-BC3B-BD006CC52C4F}.Debug|Any CPU.Build.0 = Debug|Any CPU
		{88DDAE09-22D2-41A4-BC3B-BD006CC52C4F}.Release|Any CPU.ActiveCfg = Release|Any CPU
		{88DDAE09-22D2-41A4-BC3B-BD006CC52C4F}.Release|Any CPU.Build.0 = Release|Any CPU
	EndGlobalSection
	GlobalSection(SolutionProperties) = preSolution
		HideSolutionNode = FALSE
	EndGlobalSection
	GlobalSection(ExtensibilityGlobals) = postSolution
		SolutionGuid = {7AB5F6E2-4A91-4938-B4AC-70B4CFD2CE9E}
	EndGlobalSection
EndGlobal
